
Microsoft Visual Studio Solution File, Format Version 12.00
# Visual Studio 15
VisualStudioVersion = 15.0.27130.2020
MinimumVisualStudioVersion = 10.0.40219.1
Project("{FAE04EC0-301F-11D3-BF4B-00C04F79EFBC}") = "TodoAPI", "TodoAPI\TodoAPI.csproj", "{5353A18E-69D7-4EF5-9C6F-E7C390E6E380}"
EndProject
Global
	GlobalSection(SolutionConfigurationPlatforms) = preSolution
		Debug|Any CPU = Debug|Any CPU
		Release|Any CPU = Release|Any CPU
	EndGlobalSection
	GlobalSection(ProjectConfigurationPlatforms) = postSolution
		{5353A18E-69D7-4EF5-9C6F-E7C390E6E380}.Debug|Any CPU.ActiveCfg = Debug|Any CPU
		{5353A18E-69D7-4EF5-9C6F-E7C390E6E380}.Debug|Any CPU.Build.0 = Debug|Any CPU
		{5353A18E-69D7-4EF5-9C6F-E7C390E6E380}.Release|Any CPU.ActiveCfg = Release|Any CPU
		{5353A18E-69D7-4EF5-9C6F-E7C390E6E380}.Release|Any CPU.Build.0 = Release|Any CPU
	EndGlobalSection
	GlobalSection(SolutionProperties) = preSolution
		HideSolutionNode = FALSE
	EndGlobalSection
	GlobalSection(ExtensibilityGlobals) = postSolution
		SolutionGuid = {8E640088-6264-47BA-B9BD-322A7E3C58D3}
	EndGlobalSection
EndGlobal
